{
  "name": "extendscript-starter",
  "version": "0.0.1",
  "lockfileVersion": 1,
  "requires": true,
  "dependencies": {
    "extendscript-es5-shim": {
      "version": "0.1.3",
      "resolved": "https://registry.npmjs.org/extendscript-es5-shim/-/extendscript-es5-shim-0.1.3.tgz",
      "integrity": "sha512-ZL9EDwpzJEKcPQbc3jYhiXM6mEuuLex5Z0n3KifvZJZn9a77PDFjpWky/8w9bjsHGQQT2VOX5k3vJ7bEX0gozg=="
    },
    "typescript": {
      "version": "2.6.2",
      "resolved": "https://registry.npmjs.org/typescript/-/typescript-2.6.2.tgz",
      "integrity": "sha1-PFtv1/beCRQmkCfwPAlGdY92c6Q=",
      "dev": true
    }
  }
}
